
Microsoft Visual Studio Solution File, Format Version 12.00
# Visual Studio Version 16
VisualStudioVersion = 16.0.31105.61
MinimumVisualStudioVersion = 10.0.40219.1
Project("{FAE04EC0-301F-11D3-BF4B-00C04F79EFBC}") = "Rema1000RestAPI", "Rema1000RestAPI.csproj", "{8C2782D2-D446-4F90-833D-2F5BC1099FAB}"
EndProject
Global
	GlobalSection(SolutionConfigurationPlatforms) = preSolution
		Debug|Any CPU = Debug|Any CPU
		Release|Any CPU = Release|Any CPU
	EndGlobalSection
	GlobalSection(ProjectConfigurationPlatforms) = postSolution
		{8C2782D2-D446-4F90-833D-2F5BC1099FAB}.Debug|Any CPU.ActiveCfg = Debug|Any CPU
		{8C2782D2-D446-4F90-833D-2F5BC1099FAB}.Debug|Any CPU.Build.0 = Debug|Any CPU
		{8C2782D2-D446-4F90-833D-2F5BC1099FAB}.Release|Any CPU.ActiveCfg = Release|Any CPU
		{8C2782D2-D446-4F90-833D-2F5BC1099FAB}.Release|Any CPU.Build.0 = Release|Any CPU
	EndGlobalSection
	GlobalSection(SolutionProperties) = preSolution
		HideSolutionNode = FALSE
	EndGlobalSection
	GlobalSection(ExtensibilityGlobals) = postSolution
		SolutionGuid = {C9FEC556-8302-4E3A-84C8-A2F4C99814DD}
	EndGlobalSection
EndGlobal
